# This file is autogenerated, do not edit; changes may be undone by the next 'dep ensure'.


[[projects]]
  branch = "master"
  digest = "1:6da51e5ec493ad2b44cb04129e2d0a068c8fb9bd6cb5739d199573558696bb94"
  name = "github.com/Azure/go-ansiterm"
  packages = [
    ".",
    "winterm",
  ]
  pruneopts = "UT"
  revision = "d6e3b3328b783f23731bc4d058875b0371ff8109"

[[projects]]
  digest = "1:d5e752c67b445baa5b6cb6f8aa706775c2aa8e41aca95a0c651520ff2c80361a"
  name = "github.com/Microsoft/go-winio"
  packages = [
    ".",
    "pkg/guid",
  ]
  pruneopts = "UT"
  revision = "6c72808b55902eae4c5943626030429ff20f3b63"
  version = "v0.4.14"

[[projects]]
  digest = "1:771809465d2d81b1e2631f0e062b7458647135b2eca9e1cc577e58d1db0d987f"
  name = "github.com/containerd/containerd"
  packages = ["errdefs"]
  pruneopts = "UT"
  revision = "ff48f57fc83a8c44cf4ad5d672424a98ba37ded6"
  version = "v1.3.2"

[[projects]]
  digest = "1:613f461b61dd7639ed1d250cd437640063038cdc9fdb3024f908f37a69312a2d"
  name = "github.com/docker/distribution"
  packages = [
    "digestset",
    "reference",
    "registry/api/errcode",
  ]
  pruneopts = "UT"
  revision = "b38e5838b7b2f2ad48e06ec4b500011976080621"

[[projects]]
  branch = "master"
  digest = "1:bf2242ecd49bef86d9cf72a9b045baadb1d893c6e981c1413f7f5e2edae0cc83"
  name = "github.com/docker/docker"
  packages = [
    "api",
    "api/types",
    "api/types/blkiodev",
    "api/types/container",
    "api/types/events",
    "api/types/filters",
    "api/types/image",
    "api/types/mount",
    "api/types/network",
    "api/types/registry",
    "api/types/strslice",
    "api/types/swarm",
    "api/types/swarm/runtime",
    "api/types/time",
    "api/types/versions",
    "api/types/volume",
    "client",
    "errdefs",
    "pkg/jsonmessage",
    "pkg/stdcopy",
    "pkg/term",
    "pkg/term/windows",
  ]
  pruneopts = "UT"
  revision = "063bd4c96ae633a1aa830b7f8a646b689c14e5c8"

[[projects]]
  digest = "1:811c86996b1ca46729bad2724d4499014c4b9effd05ef8c71b852aad90deb0ce"
  name = "github.com/docker/go-connections"
  packages = [
    "nat",
    "sockets",
    "tlsconfig",
  ]
  pruneopts = "UT"
  revision = "7395e3f8aa162843a74ed6d48e79627d9792ac55"
  version = "v0.4.0"

[[projects]]
  digest = "1:57d39983d01980c1317c2c5c6dd4b5b0c4a804ad2df800f2f6cbcd6a6d05f6ca"
  name = "github.com/docker/go-units"
  packages = ["."]
  pruneopts = "UT"
  revision = "9e638d38cf6977a37a8ea0078f3ee75a7cdb2dd1"

[[projects]]
  digest = "1:abeb38ade3f32a92943e5be54f55ed6d6e3b6602761d74b4aab4c9dd45c18abd"
  name = "github.com/fsnotify/fsnotify"
  packages = ["."]
  pruneopts = "UT"
  revision = "c2828203cd70a50dcccfb2761f8b1f8ceef9a8e9"
  version = "v1.4.7"

[[projects]]
  digest = "1:b7a8552c62868d867795b63eaf4f45d3e92d36db82b428e680b9c95a8c33e5b1"
  name = "github.com/gogo/protobuf"
  packages = [
    "proto",
    "sortkeys",
  ]
  pruneopts = "UT"
  revision = "342cbe0a04158f6dcb03ca0079991a51a4248c02"
  version = "v0.5"

[[projects]]
  digest = "1:f5ce1529abc1204444ec73779f44f94e2fa8fcdb7aca3c355b0c95947e4005c6"
  name = "github.com/golang/protobuf"
  packages = [
    "proto",
    "ptypes",
    "ptypes/any",
    "ptypes/duration",
    "ptypes/timestamp",
  ]
  pruneopts = "UT"
  revision = "6c65a5562fc06764971b7c5d05c76c75e84bdbf7"
  version = "v1.3.2"

[[projects]]
  digest = "1:3ee90c0d94da31b442dde97c99635aaafec68d0b8a3c12ee2075c6bdabeec6bb"
  name = "github.com/google/gofuzz"
  packages = ["."]
  pruneopts = "UT"
  revision = "24818f796faf91cd76ec7bddd72458fbced7a6c1"

[[projects]]
  digest = "1:870d441fe217b8e689d7949fef6e43efbc787e50f200cb1e70dbca9204a1d6be"
  name = "github.com/inconshreveable/mousetrap"
  packages = ["."]
  pruneopts = "UT"
  revision = "76626ae9c91c4f2a10f34cad8ce83ea42c93bb75"
  version = "v1.0"

[[projects]]
  digest = "1:7cd2924a44ecf80a319cfa2378529fabd348d011b739fb4eccc565f65e3296c4"
  name = "github.com/json-iterator/go"
  packages = ["."]
  pruneopts = "UT"
  revision = "acfec88f7a0d5140ace3dcdbee10184e3684a9e1"
  version = "v1.1.9"

[[projects]]
  digest = "1:31e761d97c76151dde79e9d28964a812c46efc5baee4085b86f68f0c654450de"
  name = "github.com/konsorten/go-windows-terminal-sequences"
  packages = ["."]
  pruneopts = "UT"
  revision = "f55edac94c9bbba5d6182a4be46d86a2c9b5b50e"
  version = "v1.0.2"

[[projects]]
  digest = "1:33422d238f147d247752996a26574ac48dcf472976eda7f5134015f06bf16563"
  name = "github.com/modern-go/concurrent"
  packages = ["."]
  pruneopts = "UT"
  revision = "bacd9c7ef1dd9b15be4a9909b8ac7a4e313eec94"
  version = "1.0.3"

[[projects]]
  digest = "1:e32bdbdb7c377a07a9a46378290059822efdce5c8d96fe71940d87cb4f918855"
  name = "github.com/modern-go/reflect2"
  packages = ["."]
  pruneopts = "UT"
  revision = "4b7aa43c6742a2c18fdef89dd197aaae7dac7ccd"
  version = "1.0.1"

[[projects]]
  digest = "1:906eb1ca3c8455e447b99a45237b2b9615b665608fd07ad12cce847dd9a1ec43"
  name = "github.com/morikuni/aec"
  packages = ["."]
  pruneopts = "UT"
  revision = "39771216ff4c63d11f5e604076f9c45e8be1067b"
  version = "v1.0.0"

[[projects]]
  digest = "1:37423212694a4316f48e0bbac8e4f1fd366a384a286fbaa7d80baf99d86f0416"
  name = "github.com/opencontainers/go-digest"
  packages = ["."]
  pruneopts = "UT"
  revision = "a6d0ee40d4207ea02364bd3b9e8e77b9159ba1eb"

[[projects]]
  digest = "1:11db38d694c130c800d0aefb502fb02519e514dc53d9804ce51d1ad25ec27db6"
  name = "github.com/opencontainers/image-spec"
  packages = [
    "specs-go",
    "specs-go/v1",
  ]
  pruneopts = "UT"
  revision = "d60099175f88c47cd379c4738d158884749ed235"
  version = "v1.0.1"

[[projects]]
  digest = "1:9e1d37b58d17113ec3cb5608ac0382313c5b59470b94ed97d0976e69c7022314"
  name = "github.com/pkg/errors"
  packages = ["."]
  pruneopts = "UT"
  revision = "614d223910a179a466c1767a985424175c39b465"
  version = "v0.9.1"

[[projects]]
  digest = "1:04457f9f6f3ffc5fea48e71d62f2ca256637dee0a04d710288e27e05c8b41976"
  name = "github.com/sirupsen/logrus"
  packages = ["."]
  pruneopts = "UT"
  revision = "839c75faf7f98a33d445d181f3018b5c3409a45e"
  version = "v1.4.2"

[[projects]]
  branch = "master"
  digest = "1:bb4c3bdc5cf95c1c1a7f8e1d5c70fff69cb1a94b9f86243dfd57060c030358f5"
  name = "github.com/skupperproject/skupper-cli"
  packages = ["pkg/certs"]
  pruneopts = "UT"
  revision = "5c41f36d590755e3be08305ac5b27ecc2ac487fe"

[[projects]]
  digest = "1:e096613fb7cf34743d49af87d197663cfccd61876e2219853005a57baedfa562"
  name = "github.com/spf13/cobra"
  packages = ["."]
  pruneopts = "UT"
  revision = "f2b07da1e2c38d5f12845a4f607e2e1018cbb1f5"
  version = "v0.0.5"

[[projects]]
  digest = "1:524b71991fc7d9246cc7dc2d9e0886ccb97648091c63e30eef619e6862c955dd"
  name = "github.com/spf13/pflag"
  packages = ["."]
  pruneopts = "UT"
  revision = "2e9d26c8c37aae03e3f9d4e90b7116f5accb7cab"
  version = "v1.0.5"

[[projects]]
  branch = "master"
  digest = "1:ab18424e0f3ada8af2a37e0d698860711f6aba4a888c3e5f42bd283d9c743195"
  name = "golang.org/x/net"
  packages = [
    "context",
    "http/httpguts",
    "http2",
    "http2/hpack",
    "idna",
    "internal/socks",
    "proxy",
  ]
  pruneopts = "UT"
  revision = "6afb5195e5aab057fda82e27171243402346b0ad"

[[projects]]
  branch = "master"
  digest = "1:c0f457d7a781c1acd2f11b5c4a89769201c1bda3d6770417a2c87b7f6be54a97"
  name = "golang.org/x/sys"
  packages = [
    "unix",
    "windows",
  ]
  pruneopts = "UT"
  revision = "e047566fdf82409bf7a52212cf71df83ea2772fb"

[[projects]]
  digest = "1:8d8faad6b12a3a4c819a3f9618cb6ee1fa1cfc33253abeeea8b55336721e3405"
  name = "golang.org/x/text"
  packages = [
    "collate",
    "collate/build",
    "internal/colltab",
    "internal/gen",
    "internal/language",
    "internal/language/compact",
    "internal/tag",
    "internal/triegen",
    "internal/ucd",
    "language",
    "secure/bidirule",
    "transform",
    "unicode/bidi",
    "unicode/cldr",
    "unicode/norm",
    "unicode/rangetable",
  ]
  pruneopts = "UT"
  revision = "342b2e1fbaa52c93f31447ad2c6abc048c63e475"
  version = "v0.3.2"

[[projects]]
  branch = "master"
  digest = "1:0c679e19d1865dd65e7ec400bf9562d8f161cf59c4f74c0bb50f365fc9fb19eb"
  name = "google.golang.org/genproto"
  packages = ["googleapis/rpc/status"]
  pruneopts = "UT"
  revision = "0452cf42e150a6aeb2c8615de02e260ae83d9873"

[[projects]]
  digest = "1:d752af20a3cb9b197031ed2cef7418f47a1afccf840f65debd7e68c20d85c366"
  name = "google.golang.org/grpc"
  packages = [
    "codes",
    "connectivity",
    "grpclog",
    "internal",
    "status",
  ]
  pruneopts = "UT"
  revision = "f5b0812e6fe574d90da76b205e9eb51f6ddb1919"
  version = "v1.26.0"

[[projects]]
  digest = "1:ef72505cf098abdd34efeea032103377bec06abb61d8a06f002d5d296a4b1185"
  name = "gopkg.in/inf.v0"
  packages = ["."]
  pruneopts = "UT"
  revision = "3887ee99ecf07df5b447e9b00d9c0b2adaa9f3e4"
  version = "v0.9.0"

[[projects]]
  digest = "1:55b110c99c5fdc4f14930747326acce56b52cfce60b24b1c03ef686ac0e46bb1"
  name = "gopkg.in/yaml.v2"
  packages = ["."]
  pruneopts = "UT"
  revision = "53403b58ad1b561927d19068c655246f2db79d48"
  version = "v2.2.8"

[[projects]]
  digest = "1:86ad5797d1189de342ed6988fbb76b92dc0429a4d677ad69888d6137efa5712e"
  name = "k8s.io/api"
  packages = [
    "admissionregistration/v1beta1",
    "apps/v1",
    "apps/v1beta1",
    "apps/v1beta2",
    "auditregistration/v1alpha1",
    "authentication/v1",
    "authentication/v1beta1",
    "authorization/v1",
    "authorization/v1beta1",
    "autoscaling/v1",
    "autoscaling/v2beta1",
    "autoscaling/v2beta2",
    "batch/v1",
    "batch/v1beta1",
    "batch/v2alpha1",
    "certificates/v1beta1",
    "coordination/v1",
    "coordination/v1beta1",
    "core/v1",
    "events/v1beta1",
    "extensions/v1beta1",
    "networking/v1",
    "networking/v1beta1",
    "node/v1alpha1",
    "node/v1beta1",
    "policy/v1beta1",
    "rbac/v1",
    "rbac/v1alpha1",
    "rbac/v1beta1",
    "scheduling/v1",
    "scheduling/v1alpha1",
    "scheduling/v1beta1",
    "settings/v1alpha1",
    "storage/v1",
    "storage/v1alpha1",
    "storage/v1beta1",
  ]
  pruneopts = "UT"
  revision = "6c9aa3caf3d6dd003323b52b545c1ae5f2777a0b"
  version = "kubernetes-1.14.5"

[[projects]]
  digest = "1:1e73e4161995f9f7c3df79a2ef368af548a86788f0255d2f08e62636b0bfa29d"
  name = "k8s.io/apimachinery"
  packages = [
    "pkg/api/resource",
    "pkg/apis/meta/v1",
    "pkg/apis/meta/v1/unstructured",
    "pkg/conversion",
    "pkg/conversion/queryparams",
    "pkg/fields",
    "pkg/labels",
    "pkg/runtime",
    "pkg/runtime/schema",
    "pkg/runtime/serializer",
    "pkg/runtime/serializer/json",
    "pkg/runtime/serializer/protobuf",
    "pkg/runtime/serializer/recognizer",
    "pkg/runtime/serializer/versioning",
    "pkg/selection",
    "pkg/types",
    "pkg/util/errors",
    "pkg/util/framer",
    "pkg/util/intstr",
    "pkg/util/json",
    "pkg/util/naming",
    "pkg/util/net",
    "pkg/util/runtime",
    "pkg/util/sets",
    "pkg/util/validation",
    "pkg/util/validation/field",
    "pkg/util/yaml",
    "pkg/watch",
    "third_party/forked/golang/reflect",
  ]
  pruneopts = "UT"
  revision = "6a84e37a896db9780c75367af8d2ed2bb944022e"
  version = "kubernetes-1.14.5"

[[projects]]
  digest = "1:51c12c1a40d1eb166ef63470e0a3f15e6564d70aef537b978f8a7f09e227ef72"
  name = "k8s.io/client-go"
  packages = ["kubernetes/scheme"]
  pruneopts = "UT"
  revision = "88a2adca7e768f18b3557a5cd8b489b506089d86"
  version = "kubernetes-1.14.5"

[[projects]]
  digest = "1:69367163a23cd68971724f36a6759a01d50968e58936808b7eb5e5c186a3a382"
  name = "k8s.io/klog"
  packages = ["."]
  pruneopts = "UT"
  revision = "8e90cee79f823779174776412c13478955131846"

[[projects]]
  digest = "1:caa7785e6f87eb44fe0688b7eaea489a7f904ed8cbb09eb2d963bd5cde592601"
  name = "pack.ag/amqp"
  packages = [
    ".",
    "internal/testconn",
  ]
  pruneopts = "UT"
  revision = "86a6a1998f1d2bf63262718644c1ef3a77fa8d28"
  version = "v0.12.5"

[[projects]]
  digest = "1:7719608fe0b52a4ece56c2dde37bedd95b938677d1ab0f84b8a7852e4c59f849"
  name = "sigs.k8s.io/yaml"
  packages = ["."]
  pruneopts = "UT"
  revision = "fd68e9863619f6ec2fdd8625fe1f02e7c877e480"
  version = "v1.1.0"

[solve-meta]
  analyzer-name = "dep"
  analyzer-version = 1
  input-imports = [
    "github.com/docker/docker/api/types",
    "github.com/docker/docker/api/types/container",
    "github.com/docker/docker/api/types/filters",
    "github.com/docker/docker/api/types/mount",
    "github.com/docker/docker/api/types/network",
    "github.com/docker/docker/client",
    "github.com/docker/docker/pkg/jsonmessage",
    "github.com/docker/docker/pkg/stdcopy",
    "github.com/docker/go-connections/nat",
    "github.com/fsnotify/fsnotify",
    "github.com/skupperproject/skupper-cli/pkg/certs",
    "github.com/spf13/cobra",
    "golang.org/x/net/context",
    "pack.ag/amqp",
  ]
  solver-name = "gps-cdcl"
  solver-version = 1
